{
  "version": 4,
  "terraform_version": "1.8.3",
  "serial": 243,
  "lineage": "69673cbd-3001-68b1-3cb6-530d93e4da06",
  "outputs": {},
  "resources": [
    {
      "mode": "data",
      "type": "archive_file",
      "name": "lambda_autotag",
      "provider": "provider[\"registry.terraform.io/hashicorp/archive\"]",
      "instances": [
        {
          "schema_version": 0,
          "attributes": {
            "exclude_symlink_directories": null,
            "excludes": null,
            "id": "a6fc17ab665f5156d1e4490b244534dcde8084dc",
            "output_base64sha256": "w1CukGPKiIC4sPW0vpy3QE0wnPaEE5E/7jFk1/Q+9o8=",
            "output_base64sha512": "24CyPQg+lDouDCdz7d1CPQ96zZ64YiSaJ2K+ptRc5iEsIV+s0hvWRC3OX4QRjV9YZ4Lf+NAUNZbXD30xUpu2EQ==",
            "output_file_mode": null,
            "output_md5": "94be0fe07d3d2859fa8d5ccc31f51810",
            "output_path": "./code/lambda_package.zip",
            "output_sha": "a6fc17ab665f5156d1e4490b244534dcde8084dc",
            "output_sha256": "c350ae9063ca8880b8b0f5b4be9cb7404d309cf68413913fee3164d7f43ef68f",
            "output_sha512": "db80b23d083e943a2e0c2773eddd423d0f7acd9eb862249a2762bea6d45ce6212c215facd21bd6442dce5f84118d5f586782dff8d0143596d70f7d31529bb611",
            "output_size": 594,
            "source": [],
            "source_content": null,
            "source_content_filename": null,
            "source_dir": "./code",
            "source_file": null,
            "type": "zip"
          },
          "sensitive_attributes": []
        }
      ]
    },
    {
      "module": "module.start_stop",
      "mode": "data",
      "type": "aws_caller_identity",
      "name": "current",
      "provider": "provider[\"registry.terraform.io/hashicorp/aws\"]",
      "instances": [
        {
          "schema_version": 0,
          "attributes": {
            "account_id": "211125701436",
            "arn": "arn:aws:iam::211125701436:user/Programatico",
            "id": "211125701436",
            "user_id": "AIDATCKASRM6P67WDAIV6"
          },
          "sensitive_attributes": []
        }
      ]
    },
    {
      "module": "module.start_stop",
      "mode": "managed",
      "type": "aws_cloudwatch_event_rule",
      "name": "stop_instances",
      "provider": "provider[\"registry.terraform.io/hashicorp/aws\"]",
      "instances": [
        {
          "schema_version": 1,
          "attributes": {
            "arn": "arn:aws:events:us-east-1:211125701436:rule/StopInstance",
            "description": "Stop instances every 5 minutes",
            "event_bus_name": "default",
            "event_pattern": null,
            "force_destroy": false,
            "id": "StopInstance",
            "is_enabled": true,
            "name": "StopInstance",
            "name_prefix": "",
            "role_arn": "",
            "schedule_expression": "rate(2 minutes)",
            "state": "ENABLED",
            "tags": null,
            "tags_all": {}
          },
          "sensitive_attributes": [],
          "private": "eyJzY2hlbWFfdmVyc2lvbiI6IjEifQ=="
        }
      ]
    },
    {
      "module": "module.start_stop",
      "mode": "managed",
      "type": "aws_cloudwatch_event_target",
      "name": "invoke_lambda",
      "provider": "provider[\"registry.terraform.io/hashicorp/aws\"]",
      "instances": [
        {
          "schema_version": 1,
          "attributes": {
            "arn": "arn:aws:lambda:us-east-1:211125701436:function:lambda_function",
            "batch_target": [],
            "dead_letter_config": [],
            "ecs_target": [],
            "event_bus_name": "default",
            "force_destroy": false,
            "http_target": [],
            "id": "StopInstance-InvokeLambda",
            "input": "{\"action\":\"Stop\",\"instances\":\"i-05110d9768f742a27,i-06a1fd6b9441027d3\"}",
            "input_path": "",
            "input_transformer": [],
            "kinesis_target": [],
            "redshift_target": [],
            "retry_policy": [],
            "role_arn": "",
            "rule": "StopInstance",
            "run_command_targets": [],
            "sagemaker_pipeline_target": [],
            "sqs_target": [],
            "target_id": "InvokeLambda"
          },
          "sensitive_attributes": [],
          "private": "eyJzY2hlbWFfdmVyc2lvbiI6IjEifQ==",
          "dependencies": [
            "data.archive_file.lambda_autotag",
            "module.start_stop.aws_cloudwatch_event_rule.stop_instances",
            "module.start_stop.aws_iam_role.iam_for_lambda",
            "module.start_stop.aws_lambda_function.autotag"
          ]
        }
      ]
    },
    {
      "module": "module.start_stop",
      "mode": "managed",
      "type": "aws_iam_role",
      "name": "iam_for_lambda",
      "provider": "provider[\"registry.terraform.io/hashicorp/aws\"]",
      "instances": [
        {
          "schema_version": 0,
          "attributes": {
            "arn": "arn:aws:iam::211125701436:role/LambdaExecutionRole",
            "assume_role_policy": "{\"Statement\":[{\"Action\":\"sts:AssumeRole\",\"Effect\":\"Allow\",\"Principal\":{\"Service\":\"lambda.amazonaws.com\"},\"Sid\":\"\"}],\"Version\":\"2012-10-17\"}",
            "create_date": "2024-05-10T11:05:07Z",
            "description": "",
            "force_detach_policies": false,
            "id": "LambdaExecutionRole",
            "inline_policy": [],
            "managed_policy_arns": [],
            "max_session_duration": 3600,
            "name": "LambdaExecutionRole",
            "name_prefix": "",
            "path": "/",
            "permissions_boundary": "",
            "tags": null,
            "tags_all": {},
            "unique_id": "AROATCKASRM6PAGHGFLA7"
          },
          "sensitive_attributes": [],
          "private": "bnVsbA=="
        }
      ]
    },
    {
      "module": "module.start_stop",
      "mode": "managed",
      "type": "aws_iam_role",
      "name": "scheduler_role",
      "provider": "provider[\"registry.terraform.io/hashicorp/aws\"]",
      "instances": [
        {
          "schema_version": 0,
          "attributes": {
            "arn": "arn:aws:iam::211125701436:role/EventBridgeSchedulerRole",
            "assume_role_policy": "{\"Statement\":[{\"Action\":\"sts:AssumeRole\",\"Effect\":\"Allow\",\"Principal\":{\"Service\":\"scheduler.amazonaws.com\"}}],\"Version\":\"2012-10-17\"}",
            "create_date": "2024-05-10T11:05:07Z",
            "description": "",
            "force_detach_policies": false,
            "id": "EventBridgeSchedulerRole",
            "inline_policy": [],
            "managed_policy_arns": [],
            "max_session_duration": 3600,
            "name": "EventBridgeSchedulerRole",
            "name_prefix": "",
            "path": "/",
            "permissions_boundary": "",
            "tags": null,
            "tags_all": {},
            "unique_id": "AROATCKASRM6ODDRO4WYB"
          },
          "sensitive_attributes": [],
          "private": "bnVsbA=="
        }
      ]
    },
    {
      "module": "module.start_stop",
      "mode": "managed",
      "type": "aws_iam_role_policy",
      "name": "eventbridge_invoke_policy",
      "provider": "provider[\"registry.terraform.io/hashicorp/aws\"]",
      "instances": [
        {
          "schema_version": 0,
          "attributes": {
            "id": "EventBridgeSchedulerRole:EventBridgeInvokeLambdaPolicy",
            "name": "EventBridgeInvokeLambdaPolicy",
            "name_prefix": "",
            "policy": "{\"Version\":\"2012-10-17\",\"Statement\":[{\"Action\":[\"lambda:InvokeFunction\"],\"Effect\":\"Allow\",\"Resource\":\"arn:aws:lambda:us-east-1:211125701436:function:lambda_function\",\"Sid\":\"AllowEventBridgeToInvokeLambda\"}]}",
            "role": "EventBridgeSchedulerRole"
          },
          "sensitive_attributes": [],
          "private": "bnVsbA==",
          "dependencies": [
            "data.archive_file.lambda_autotag",
            "module.start_stop.aws_iam_role.iam_for_lambda",
            "module.start_stop.aws_iam_role.scheduler_role",
            "module.start_stop.aws_lambda_function.autotag"
          ]
        }
      ]
    },
    {
      "module": "module.start_stop",
      "mode": "managed",
      "type": "aws_iam_role_policy",
      "name": "lambda_logs_policy",
      "provider": "provider[\"registry.terraform.io/hashicorp/aws\"]",
      "instances": [
        {
          "schema_version": 0,
          "attributes": {
            "id": "LambdaExecutionRole:PublishLogsPolicy",
            "name": "PublishLogsPolicy",
            "name_prefix": "",
            "policy": "{\"Version\":\"2012-10-17\",\"Statement\":[{\"Action\":[\"logs:*\"],\"Effect\":\"Allow\",\"Resource\":[\"arn:aws:logs:*:211125701436:log-group:/aws/lambda/lambda_function:*\"],\"Sid\":\"AllowLambdaFunctionToCreateLogs\"}]}",
            "role": "LambdaExecutionRole"
          },
          "sensitive_attributes": [],
          "private": "bnVsbA==",
          "dependencies": [
            "data.archive_file.lambda_autotag",
            "module.start_stop.aws_iam_role.iam_for_lambda",
            "module.start_stop.aws_lambda_function.autotag",
            "module.start_stop.data.aws_caller_identity.current"
          ]
        }
      ]
    },
    {
      "module": "module.start_stop",
      "mode": "managed",
      "type": "aws_iam_role_policy",
      "name": "lambda_stop_instance_policy",
      "provider": "provider[\"registry.terraform.io/hashicorp/aws\"]",
      "instances": [
        {
          "schema_version": 0,
          "attributes": {
            "id": "LambdaExecutionRole:LambdaStopInstancePolicy",
            "name": "LambdaStopInstancePolicy",
            "name_prefix": "",
            "policy": "{\"Version\":\"2012-10-17\",\"Statement\":[{\"Action\":\"ec2:StopInstances\",\"Effect\":\"Allow\",\"Resource\":\"*\",\"Sid\":\"AllowStopInstance\"}]}",
            "role": "LambdaExecutionRole"
          },
          "sensitive_attributes": [],
          "private": "bnVsbA==",
          "dependencies": [
            "module.start_stop.aws_iam_role.iam_for_lambda"
          ]
        }
      ]
    },
    {
      "module": "module.start_stop",
      "mode": "managed",
      "type": "aws_iam_role_policy_attachment",
      "name": "lambda_stop_instance_policy_attachment",
      "provider": "provider[\"registry.terraform.io/hashicorp/aws\"]",
      "instances": [
        {
          "schema_version": 0,
          "attributes": {
            "id": "LambdaExecutionRole-20240510110523048500000001",
            "policy_arn": "arn:aws:iam::aws:policy/service-role/AWSLambdaBasicExecutionRole",
            "role": "LambdaExecutionRole"
          },
          "sensitive_attributes": [],
          "private": "bnVsbA==",
          "dependencies": [
            "data.archive_file.lambda_autotag",
            "module.start_stop.aws_iam_role.iam_for_lambda",
            "module.start_stop.aws_iam_role_policy.lambda_logs_policy",
            "module.start_stop.aws_lambda_function.autotag",
            "module.start_stop.data.aws_caller_identity.current"
          ]
        }
      ]
    },
    {
      "module": "module.start_stop",
      "mode": "managed",
      "type": "aws_lambda_function",
      "name": "autotag",
      "provider": "provider[\"registry.terraform.io/hashicorp/aws\"]",
      "instances": [
        {
          "schema_version": 0,
          "attributes": {
            "architectures": [
              "arm64"
            ],
            "arn": "arn:aws:lambda:us-east-1:211125701436:function:lambda_function",
            "code_signing_config_arn": "",
            "dead_letter_config": [],
            "description": "stop instances and five minutes",
            "environment": [],
            "ephemeral_storage": [
              {
                "size": 512
              }
            ],
            "file_system_config": [],
            "filename": "./code/lambda_package.zip",
            "function_name": "lambda_function",
            "handler": "lambda_function.lambda_handler",
            "id": "lambda_function",
            "image_config": [],
            "image_uri": "",
            "invoke_arn": "arn:aws:apigateway:us-east-1:lambda:path/2015-03-31/functions/arn:aws:lambda:us-east-1:211125701436:function:lambda_function/invocations",
            "kms_key_arn": "",
            "last_modified": "2024-05-10T11:05:14.600+0000",
            "layers": null,
            "logging_config": [
              {
                "application_log_level": "",
                "log_format": "Text",
                "log_group": "/aws/lambda/lambda_function",
                "system_log_level": ""
              }
            ],
            "memory_size": 128,
            "package_type": "Zip",
            "publish": true,
            "qualified_arn": "arn:aws:lambda:us-east-1:211125701436:function:lambda_function:12",
            "qualified_invoke_arn": "arn:aws:apigateway:us-east-1:lambda:path/2015-03-31/functions/arn:aws:lambda:us-east-1:211125701436:function:lambda_function:12/invocations",
            "replace_security_groups_on_destroy": null,
            "replacement_security_group_ids": null,
            "reserved_concurrent_executions": -1,
            "role": "arn:aws:iam::211125701436:role/LambdaExecutionRole",
            "runtime": "python3.8",
            "s3_bucket": null,
            "s3_key": null,
            "s3_object_version": null,
            "signing_job_arn": "",
            "signing_profile_version_arn": "",
            "skip_destroy": false,
            "snap_start": [],
            "source_code_hash": "w1CukGPKiIC4sPW0vpy3QE0wnPaEE5E/7jFk1/Q+9o8=",
            "source_code_size": 594,
            "tags": null,
            "tags_all": {},
            "timeout": 300,
            "timeouts": null,
            "tracing_config": [
              {
                "mode": "PassThrough"
              }
            ],
            "version": "12",
            "vpc_config": []
          },
          "sensitive_attributes": [],
          "private": "eyJlMmJmYjczMC1lY2FhLTExZTYtOGY4OC0zNDM2M2JjN2M0YzAiOnsiY3JlYXRlIjo2MDAwMDAwMDAwMDAsImRlbGV0ZSI6NjAwMDAwMDAwMDAwLCJ1cGRhdGUiOjYwMDAwMDAwMDAwMH19",
          "dependencies": [
            "data.archive_file.lambda_autotag",
            "module.start_stop.aws_iam_role.iam_for_lambda"
          ]
        }
      ]
    }
  ],
  "check_results": null
}
